
Microsoft Visual Studio Solution File, Format Version 12.00
# Visual Studio Version 16
VisualStudioVersion = 16.0.34601.136
MinimumVisualStudioVersion = 10.0.40219.1
Project("{FAE04EC0-301F-11D3-BF4B-00C04F79EFBC}") = "CustomCookieBasedAuthentication", "CustomCookieBasedAuthentication\CustomCookieBasedAuthentication.csproj", "{348B13B7-4E3C-4408-A135-440B6D3B4EC5}"
EndProject
Global
	GlobalSection(SolutionConfigurationPlatforms) = preSolution
		Debug|Any CPU = Debug|Any CPU
		Release|Any CPU = Release|Any CPU
	EndGlobalSection
	GlobalSection(ProjectConfigurationPlatforms) = postSolution
		{348B13B7-4E3C-4408-A135-440B6D3B4EC5}.Debug|Any CPU.ActiveCfg = Debug|Any CPU
		{348B13B7-4E3C-4408-A135-440B6D3B4EC5}.Debug|Any CPU.Build.0 = Debug|Any CPU
		{348B13B7-4E3C-4408-A135-440B6D3B4EC5}.Release|Any CPU.ActiveCfg = Release|Any CPU
		{348B13B7-4E3C-4408-A135-440B6D3B4EC5}.Release|Any CPU.Build.0 = Release|Any CPU
	EndGlobalSection
	GlobalSection(SolutionProperties) = preSolution
		HideSolutionNode = FALSE
	EndGlobalSection
	GlobalSection(ExtensibilityGlobals) = postSolution
		SolutionGuid = {44EC7C08-0B44-4998-83AA-084967586113}
	EndGlobalSection
EndGlobal
